
Microsoft Visual Studio Solution File, Format Version 12.00
# Visual Studio 15
VisualStudioVersion = 15.0.27703.2047
MinimumVisualStudioVersion = 10.0.40219.1
Project("{FAE04EC0-301F-11D3-BF4B-00C04F79EFBC}") = "WorkHardApp.Gui", "WorkHardApp.Gui\WorkHardApp.Gui.csproj", "{CE8FD293-AB34-4825-86FF-33C08A019636}"
EndProject
Project("{FAE04EC0-301F-11D3-BF4B-00C04F79EFBC}") = "WorkHardApp.Entities", "WorkHardApp.Entities\WorkHardApp.Entities.csproj", "{9EA6E5FD-AE31-4AC3-A535-95C035370973}"
EndProject
Project("{FAE04EC0-301F-11D3-BF4B-00C04F79EFBC}") = "WorkHardApp.DataAccess", "WorkHardApp.DataAccess\WorkHardApp.DataAccess.csproj", "{2CA1A194-D915-4EA4-81F0-84635D1039F3}"
EndProject
Global
	GlobalSection(SolutionConfigurationPlatforms) = preSolution
		Debug|Any CPU = Debug|Any CPU
		Release|Any CPU = Release|Any CPU
	EndGlobalSection
	GlobalSection(ProjectConfigurationPlatforms) = postSolution
		{CE8FD293-AB34-4825-86FF-33C08A019636}.Debug|Any CPU.ActiveCfg = Debug|Any CPU
		{CE8FD293-AB34-4825-86FF-33C08A019636}.Debug|Any CPU.Build.0 = Debug|Any CPU
		{CE8FD293-AB34-4825-86FF-33C08A019636}.Release|Any CPU.ActiveCfg = Release|Any CPU
		{CE8FD293-AB34-4825-86FF-33C08A019636}.Release|Any CPU.Build.0 = Release|Any CPU
		{9EA6E5FD-AE31-4AC3-A535-95C035370973}.Debug|Any CPU.ActiveCfg = Debug|Any CPU
		{9EA6E5FD-AE31-4AC3-A535-95C035370973}.Debug|Any CPU.Build.0 = Debug|Any CPU
		{9EA6E5FD-AE31-4AC3-A535-95C035370973}.Release|Any CPU.ActiveCfg = Release|Any CPU
		{9EA6E5FD-AE31-4AC3-A535-95C035370973}.Release|Any CPU.Build.0 = Release|Any CPU
		{2CA1A194-D915-4EA4-81F0-84635D1039F3}.Debug|Any CPU.ActiveCfg = Debug|Any CPU
		{2CA1A194-D915-4EA4-81F0-84635D1039F3}.Debug|Any CPU.Build.0 = Debug|Any CPU
		{2CA1A194-D915-4EA4-81F0-84635D1039F3}.Release|Any CPU.ActiveCfg = Release|Any CPU
		{2CA1A194-D915-4EA4-81F0-84635D1039F3}.Release|Any CPU.Build.0 = Release|Any CPU
	EndGlobalSection
	GlobalSection(SolutionProperties) = preSolution
		HideSolutionNode = FALSE
	EndGlobalSection
	GlobalSection(ExtensibilityGlobals) = postSolution
		SolutionGuid = {F8DC9600-4258-445A-8549-0D56CDB357C3}
	EndGlobalSection
EndGlobal
